
Microsoft Visual Studio Solution File, Format Version 12.00
# Visual Studio 15
Project("{FAE04EC0-301F-11D3-BF4B-00C04F79EFBC}") = "Assembly-CSharp", "Assembly-CSharp.csproj", "{7E5B6D85-4B8B-CCD4-CD79-FFED43D015CC}"
EndProject
Project("{FAE04EC0-301F-11D3-BF4B-00C04F79EFBC}") = "Assembly-CSharp-Editor", "Assembly-CSharp-Editor.csproj", "{6E028204-60CC-A3AE-6D67-65B884FE29BB}"
EndProject
Global
	GlobalSection(SolutionConfigurationPlatforms) = preSolution
		Debug|Any CPU = Debug|Any CPU
		Release|Any CPU = Release|Any CPU
	EndGlobalSection
	GlobalSection(ProjectConfigurationPlatforms) = postSolution
		{7E5B6D85-4B8B-CCD4-CD79-FFED43D015CC}.Debug|Any CPU.ActiveCfg = Debug|Any CPU
		{7E5B6D85-4B8B-CCD4-CD79-FFED43D015CC}.Debug|Any CPU.Build.0 = Debug|Any CPU
		{7E5B6D85-4B8B-CCD4-CD79-FFED43D015CC}.Release|Any CPU.ActiveCfg = Release|Any CPU
		{7E5B6D85-4B8B-CCD4-CD79-FFED43D015CC}.Release|Any CPU.Build.0 = Release|Any CPU
		{6E028204-60CC-A3AE-6D67-65B884FE29BB}.Debug|Any CPU.ActiveCfg = Debug|Any CPU
		{6E028204-60CC-A3AE-6D67-65B884FE29BB}.Debug|Any CPU.Build.0 = Debug|Any CPU
		{6E028204-60CC-A3AE-6D67-65B884FE29BB}.Release|Any CPU.ActiveCfg = Release|Any CPU
		{6E028204-60CC-A3AE-6D67-65B884FE29BB}.Release|Any CPU.Build.0 = Release|Any CPU
	EndGlobalSection
	GlobalSection(SolutionProperties) = preSolution
		HideSolutionNode = FALSE
	EndGlobalSection
EndGlobal
