
Microsoft Visual Studio Solution File, Format Version 12.00
# Visual Studio 15
Project("{FAE04EC0-301F-11D3-BF4B-00C04F79EFBC}") = "Assembly-CSharp", "Assembly-CSharp.csproj", "{EC5397D7-4953-00EB-6449-C2BB8805F68A}"
EndProject
Project("{FAE04EC0-301F-11D3-BF4B-00C04F79EFBC}") = "Assembly-CSharp-Editor", "Assembly-CSharp-Editor.csproj", "{18A1CCDE-5599-BE0F-04F8-0F75E19DB66E}"
EndProject
Global
	GlobalSection(SolutionConfigurationPlatforms) = preSolution
		Debug|Any CPU = Debug|Any CPU
		Release|Any CPU = Release|Any CPU
	EndGlobalSection
	GlobalSection(ProjectConfigurationPlatforms) = postSolution
		{EC5397D7-4953-00EB-6449-C2BB8805F68A}.Debug|Any CPU.ActiveCfg = Debug|Any CPU
		{EC5397D7-4953-00EB-6449-C2BB8805F68A}.Debug|Any CPU.Build.0 = Debug|Any CPU
		{EC5397D7-4953-00EB-6449-C2BB8805F68A}.Release|Any CPU.ActiveCfg = Release|Any CPU
		{EC5397D7-4953-00EB-6449-C2BB8805F68A}.Release|Any CPU.Build.0 = Release|Any CPU
		{18A1CCDE-5599-BE0F-04F8-0F75E19DB66E}.Debug|Any CPU.ActiveCfg = Debug|Any CPU
		{18A1CCDE-5599-BE0F-04F8-0F75E19DB66E}.Debug|Any CPU.Build.0 = Debug|Any CPU
		{18A1CCDE-5599-BE0F-04F8-0F75E19DB66E}.Release|Any CPU.ActiveCfg = Release|Any CPU
		{18A1CCDE-5599-BE0F-04F8-0F75E19DB66E}.Release|Any CPU.Build.0 = Release|Any CPU
	EndGlobalSection
	GlobalSection(SolutionProperties) = preSolution
		HideSolutionNode = FALSE
	EndGlobalSection
EndGlobal
